
Microsoft Visual Studio Solution File, Format Version 12.00
# Visual Studio Version 17
VisualStudioVersion = 17.3.32901.215
MinimumVisualStudioVersion = 10.0.40219.1
Project("{FAE04EC0-301F-11D3-BF4B-00C04F79EFBC}") = "WpfApp_2_1", "WpfApp_2_1.csproj", "{CDB42040-716F-4EFE-AD4C-314914BC22B8}"
EndProject
Global
	GlobalSection(SolutionConfigurationPlatforms) = preSolution
		Debug|Any CPU = Debug|Any CPU
		Release|Any CPU = Release|Any CPU
	EndGlobalSection
	GlobalSection(ProjectConfigurationPlatforms) = postSolution
		{CDB42040-716F-4EFE-AD4C-314914BC22B8}.Debug|Any CPU.ActiveCfg = Debug|Any CPU
		{CDB42040-716F-4EFE-AD4C-314914BC22B8}.Debug|Any CPU.Build.0 = Debug|Any CPU
		{CDB42040-716F-4EFE-AD4C-314914BC22B8}.Release|Any CPU.ActiveCfg = Release|Any CPU
		{CDB42040-716F-4EFE-AD4C-314914BC22B8}.Release|Any CPU.Build.0 = Release|Any CPU
	EndGlobalSection
	GlobalSection(SolutionProperties) = preSolution
		HideSolutionNode = FALSE
	EndGlobalSection
	GlobalSection(ExtensibilityGlobals) = postSolution
		SolutionGuid = {DC4C08CD-EFF7-4C11-8676-BCB398AC0062}
	EndGlobalSection
EndGlobal
